
Microsoft Visual Studio Solution File, Format Version 12.00
# Visual Studio Version 17
VisualStudioVersion = 17.3.32901.215
MinimumVisualStudioVersion = 10.0.40219.1
Project("{FAE04EC0-301F-11D3-BF4B-00C04F79EFBC}") = "Break Uygulaması-2", "Break Uygulaması-2\Break Uygulaması-2.csproj", "{92A78FC4-0C08-44BF-9625-EFF98C0B77AD}"
EndProject
Global
	GlobalSection(SolutionConfigurationPlatforms) = preSolution
		Debug|Any CPU = Debug|Any CPU
		Release|Any CPU = Release|Any CPU
	EndGlobalSection
	GlobalSection(ProjectConfigurationPlatforms) = postSolution
		{92A78FC4-0C08-44BF-9625-EFF98C0B77AD}.Debug|Any CPU.ActiveCfg = Debug|Any CPU
		{92A78FC4-0C08-44BF-9625-EFF98C0B77AD}.Debug|Any CPU.Build.0 = Debug|Any CPU
		{92A78FC4-0C08-44BF-9625-EFF98C0B77AD}.Release|Any CPU.ActiveCfg = Release|Any CPU
		{92A78FC4-0C08-44BF-9625-EFF98C0B77AD}.Release|Any CPU.Build.0 = Release|Any CPU
	EndGlobalSection
	GlobalSection(SolutionProperties) = preSolution
		HideSolutionNode = FALSE
	EndGlobalSection
	GlobalSection(ExtensibilityGlobals) = postSolution
		SolutionGuid = {29CEA05F-BA26-4462-A6C1-223068B35281}
	EndGlobalSection
EndGlobal
